{
  "requires": true,
  "lockfileVersion": 1,
  "dependencies": {
    "countdowntimer": {
      "version": "2.0.1",
      "resolved": "https://registry.npmjs.org/countdowntimer/-/countdowntimer-2.0.1.tgz",
      "integrity": "sha512-chZbPV+16Ls4WM8k8N/cO/EH+XBUiQP2mmLSnU34gHcsqLkOaiukX4rlZaH0LHcaAapsYukOQrcy+A97LE7MJw==",
      "requires": {
        "jquery": "^3.2.1"
      }
    },
    "flatpickr": {
      "version": "4.6.1",
      "resolved": "https://registry.npmjs.org/flatpickr/-/flatpickr-4.6.1.tgz",
      "integrity": "sha512-3ULSxbXmcMIRzer/2jLNweoqHpwDvsjEawO2FUd9UFR8uPwLM+LruZcPDpuZStcEgbQKhuFOfXo4nYdGladSNw=="
    },
    "jquery": {
      "version": "3.4.1",
      "resolved": "https://registry.npmjs.org/jquery/-/jquery-3.4.1.tgz",
      "integrity": "sha512-36+AdBzCL+y6qjw5Tx7HgzeGCzC81MDDgaUP8ld2zhx58HdqXGoBd+tHdrBMiyjGQs0Hxs/MLZTu/eHNJJuWPw=="
    }
  }
}
